<?xml version="1.0" encoding="utf-8"?>
<Project ToolsVersion="4.0" xmlns="http://schemas.microsoft.com/developer/msbuild/2003">
  <ItemGroup>
    <ClCompile Include="animation.cpp">
      <Filter>Source</Filter>
    </ClCompile>
    <ClCompile Include="animationSet.cpp">
      <Filter>Source</Filter>
    </ClCompile>
    <ClCompile Include="cleanup.cpp">
      <Filter>Source</Filter>
    </ClCompile>
    <ClCompile Include="drawing_functions.cpp">
      <Filter>Source</Filter>
    </ClCompile>
    <ClCompile Include="entity.cpp">
      <Filter>Source</Filter>
    </ClCompile>
    <ClCompile Include="frame.cpp">
      <Filter>Source</Filter>
    </ClCompile>
    <ClCompile Include="game.cpp">
      <Filter>Source</Filter>
    </ClCompile>
    <ClCompile Include="globals.cpp">
      <Filter>Source</Filter>
    </ClCompile>
    <ClCompile Include="groupBuilder.cpp">
      <Filter>Source</Filter>
    </ClCompile>
    <ClCompile Include="hero.cpp">
      <Filter>Source</Filter>
    </ClCompile>
    <ClCompile Include="keyboardInput.cpp">
      <Filter>Source</Filter>
    </ClCompile>
    <ClCompile Include="livingEntity.cpp">
      <Filter>Source</Filter>
    </ClCompile>
    <ClCompile Include="main.cpp">
      <Filter>Source</Filter>
    </ClCompile>
    <ClCompile Include="randomNumber.cpp">
      <Filter>Source</Filter>
    </ClCompile>
    <ClCompile Include="res_path.cpp">
      <Filter>Source</Filter>
    </ClCompile>
    <ClCompile Include="timeController.cpp">
      <Filter>Source</Filter>
    </ClCompile>
    <ClCompile Include="wall.cpp">
      <Filter>Source</Filter>
    </ClCompile>
  </ItemGroup>
  <ItemGroup>
    <ClInclude Include="animation.h">
      <Filter>Headers</Filter>
    </ClInclude>
    <ClInclude Include="animationSet.h">
      <Filter>Headers</Filter>
    </ClInclude>
    <ClInclude Include="cleanup.h">
      <Filter>Headers</Filter>
    </ClInclude>
    <ClInclude Include="dataGroupType.h">
      <Filter>Headers</Filter>
    </ClInclude>
    <ClInclude Include="drawing_functions.h">
      <Filter>Headers</Filter>
    </ClInclude>
    <ClInclude Include="entity.h">
      <Filter>Headers</Filter>
    </ClInclude>
    <ClInclude Include="frame.h">
      <Filter>Headers</Filter>
    </ClInclude>
    <ClInclude Include="game.h">
      <Filter>Headers</Filter>
    </ClInclude>
    <ClInclude Include="globals.h">
      <Filter>Headers</Filter>
    </ClInclude>
    <ClInclude Include="group.h">
      <Filter>Headers</Filter>
    </ClInclude>
    <ClInclude Include="groupBox.h">
      <Filter>Headers</Filter>
    </ClInclude>
    <ClInclude Include="groupBuilder.h">
      <Filter>Headers</Filter>
    </ClInclude>
    <ClInclude Include="groupNumber.h">
      <Filter>Headers</Filter>
    </ClInclude>
    <ClInclude Include="groupPosition.h">
      <Filter>Headers</Filter>
    </ClInclude>
    <ClInclude Include="groupString.h">
      <Filter>Headers</Filter>
    </ClInclude>
    <ClInclude Include="hero.h">
      <Filter>Headers</Filter>
    </ClInclude>
    <ClInclude Include="keyboardInput.h">
      <Filter>Headers</Filter>
    </ClInclude>
    <ClInclude Include="livingEntity.h">
      <Filter>Headers</Filter>
    </ClInclude>
    <ClInclude Include="randomNumber.h">
      <Filter>Headers</Filter>
    </ClInclude>
    <ClInclude Include="res_path.h">
      <Filter>Headers</Filter>
    </ClInclude>
    <ClInclude Include="timeController.h">
      <Filter>Headers</Filter>
    </ClInclude>
    <ClInclude Include="wall.h">
      <Filter>Headers</Filter>
    </ClInclude>
  </ItemGroup>
  <ItemGroup>
    <Filter Include="Headers">
      <UniqueIdentifier>{bb73cdf0-847a-4af1-9218-208a020066f5}</UniqueIdentifier>
    </Filter>
    <Filter Include="Source">
      <UniqueIdentifier>{98b22e0c-7834-449e-a816-41d13c4bbd4a}</UniqueIdentifier>
    </Filter>
  </ItemGroup>
</Project>